{
    "name": "@implicity/nest-http",
    "version": "1.0.14",
    "lockfileVersion": 1,
    "requires": true,
    "dependencies": {
        "@nestjs/config": {
            "version": "0.0.7",
            "resolved": "https://registry.npmjs.org/@nestjs/config/-/config-0.0.7.tgz",
            "integrity": "sha512-Ho/6yuMKilCE5hpVpZkEJCO9HVOx44Eb3tQsU2yKXs8v169OD4A0bIi1beex3MUbcM95ee3ieHwj4JiDSBIKrg==",
            "requires": {
                "dotenv": "8.2.0",
                "lodash.get": "4.4.2",
                "uuid": "^3.3.3"
            },
            "dependencies": {
                "dotenv": {
                    "version": "8.2.0",
                    "resolved": "https://registry.npmjs.org/dotenv/-/dotenv-8.2.0.tgz",
                    "integrity": "sha512-8sJ78ElpbDJBHNeBzUbUVLsqKdccaa/BXF1uPTw3GrvQTBgrQrtObr2mUrE38vzYd8cEv+m/JBfDLioYcfXoaw=="
                },
                "uuid": {
                    "version": "3.3.3",
                    "resolved": "https://registry.npmjs.org/uuid/-/uuid-3.3.3.tgz",
                    "integrity": "sha512-pW0No1RGHgzlpHJO1nsVrHKpOEIxkGg1xB+v0ZmdNH5OAeAwzAVrCnI2/6Mtx+Uys6iaylxa+D3g4j63IKKjSQ=="
                }
            }
        },
        "lodash.get": {
            "version": "4.4.2",
            "resolved": "https://registry.npmjs.org/lodash.get/-/lodash.get-4.4.2.tgz",
            "integrity": "sha1-LRd/ZS+jHpObRDjVNBSZ36OCXpk="
        },
        "prettier": {
            "version": "1.18.2",
            "dev": true
        }
    }
}
